
Microsoft Visual Studio Solution File, Format Version 12.00
# Visual Studio Version 17
VisualStudioVersion = 17.2.32526.322
MinimumVisualStudioVersion = 10.0.40219.1
Project("{FAE04EC0-301F-11D3-BF4B-00C04F79EFBC}") = "HotReloadStyles", "HotReloadStyles.csproj", "{6DC180F3-691C-48BB-8ECA-4A23D5D0BE48}"
EndProject
Project("{FAE04EC0-301F-11D3-BF4B-00C04F79EFBC}") = "ClassLibrary", "ClassLibrary\ClassLibrary.csproj", "{0C951BBC-C44B-4E97-81CD-21530072A50A}"
EndProject
Global
	GlobalSection(SolutionConfigurationPlatforms) = preSolution
		Debug|Any CPU = Debug|Any CPU
		Release|Any CPU = Release|Any CPU
	EndGlobalSection
	GlobalSection(ProjectConfigurationPlatforms) = postSolution
		{6DC180F3-691C-48BB-8ECA-4A23D5D0BE48}.Debug|Any CPU.ActiveCfg = Debug|Any CPU
		{6DC180F3-691C-48BB-8ECA-4A23D5D0BE48}.Debug|Any CPU.Build.0 = Debug|Any CPU
		{6DC180F3-691C-48BB-8ECA-4A23D5D0BE48}.Release|Any CPU.ActiveCfg = Release|Any CPU
		{6DC180F3-691C-48BB-8ECA-4A23D5D0BE48}.Release|Any CPU.Build.0 = Release|Any CPU
		{0C951BBC-C44B-4E97-81CD-21530072A50A}.Debug|Any CPU.ActiveCfg = Debug|Any CPU
		{0C951BBC-C44B-4E97-81CD-21530072A50A}.Debug|Any CPU.Build.0 = Debug|Any CPU
		{0C951BBC-C44B-4E97-81CD-21530072A50A}.Release|Any CPU.ActiveCfg = Release|Any CPU
		{0C951BBC-C44B-4E97-81CD-21530072A50A}.Release|Any CPU.Build.0 = Release|Any CPU
	EndGlobalSection
	GlobalSection(SolutionProperties) = preSolution
		HideSolutionNode = FALSE
	EndGlobalSection
	GlobalSection(ExtensibilityGlobals) = postSolution
		SolutionGuid = {5DB6EC09-16AA-44F7-9F13-B02492A69858}
	EndGlobalSection
EndGlobal
